{
  "nodes": {
    "apple-silicon-support": {
      "inputs": {
        "flake-compat": "flake-compat",
        "nixpkgs": [
          "nixpkgs"
        ],
        "rust-overlay": "rust-overlay"
      },
      "locked": {
        "lastModified": 1722469787,
        "narHash": "sha256-P20oAmbgXHl1E77TXPXiAj1Ntycc1mf7fZMI7X13VYw=",
        "owner": "tpwrules",
        "repo": "nixos-apple-silicon",
        "rev": "8a665fee82901878edaeb8ee120296a979db2dd2",
        "type": "github"
      },
      "original": {
        "owner": "tpwrules",
        "repo": "nixos-apple-silicon",
        "type": "github"
      }
    },
    "flake-compat": {
      "locked": {
        "lastModified": 1688025799,
        "narHash": "sha256-ktpB4dRtnksm9F5WawoIkEneh1nrEvuxb5lJFt1iOyw=",
        "owner": "nix-community",
        "repo": "flake-compat",
        "rev": "8bf105319d44f6b9f0d764efa4fdef9f1cc9ba1c",
        "type": "github"
      },
      "original": {
        "owner": "nix-community",
        "repo": "flake-compat",
        "type": "github"
      }
    },
    "home-manager": {
      "inputs": {
        "nixpkgs": [
          "nixpkgs"
        ]
      },
      "locked": {
        "lastModified": 1723015306,
        "narHash": "sha256-jQnFEtH20/OsDPpx71ntZzGdRlpXhUENSQCGTjn//NA=",
        "owner": "nix-community",
        "repo": "home-manager",
        "rev": "b3d5ea65d88d67d4ec578ed11d4d2d51e3de525e",
        "type": "github"
      },
      "original": {
        "owner": "nix-community",
        "repo": "home-manager",
        "type": "github"
      }
    },
    "nixpkgs": {
      "locked": {
        "lastModified": 1723175592,
        "narHash": "sha256-M0xJ3FbDUc4fRZ84dPGx5VvgFsOzds77KiBMW/mMTnI=",
        "owner": "NixOS",
        "repo": "nixpkgs",
        "rev": "5e0ca22929f3342b19569b21b2f3462f053e497b",
        "type": "github"
      },
      "original": {
        "owner": "NixOS",
        "ref": "nixos-unstable",
        "repo": "nixpkgs",
        "type": "github"
      }
    },
    "root": {
      "inputs": {
        "apple-silicon-support": "apple-silicon-support",
        "home-manager": "home-manager",
        "nixpkgs": "nixpkgs"
      }
    },
    "rust-overlay": {
      "flake": false,
      "locked": {
        "lastModified": 1686795910,
        "narHash": "sha256-jDa40qRZ0GRQtP9EMZdf+uCbvzuLnJglTUI2JoHfWDc=",
        "owner": "oxalica",
        "repo": "rust-overlay",
        "rev": "5c2b97c0a9bc5217fc3dfb1555aae0fb756d99f9",
        "type": "github"
      },
      "original": {
        "owner": "oxalica",
        "repo": "rust-overlay",
        "type": "github"
      }
    }
  },
  "root": "root",
  "version": 7
}
